
Microsoft Visual Studio Solution File, Format Version 12.00
# Visual Studio Version 17
VisualStudioVersion = 17.0.31912.275
MinimumVisualStudioVersion = 10.0.40219.1
Project("{FAE04EC0-301F-11D3-BF4B-00C04F79EFBC}") = "HW_1_Task_3", "HW_1_Task_3\HW_1_Task_3.csproj", "{A2874BBF-55EE-469F-A4BB-9D8777AA9152}"
EndProject
Global
	GlobalSection(SolutionConfigurationPlatforms) = preSolution
		Debug|Any CPU = Debug|Any CPU
		Release|Any CPU = Release|Any CPU
	EndGlobalSection
	GlobalSection(ProjectConfigurationPlatforms) = postSolution
		{A2874BBF-55EE-469F-A4BB-9D8777AA9152}.Debug|Any CPU.ActiveCfg = Debug|Any CPU
		{A2874BBF-55EE-469F-A4BB-9D8777AA9152}.Debug|Any CPU.Build.0 = Debug|Any CPU
		{A2874BBF-55EE-469F-A4BB-9D8777AA9152}.Release|Any CPU.ActiveCfg = Release|Any CPU
		{A2874BBF-55EE-469F-A4BB-9D8777AA9152}.Release|Any CPU.Build.0 = Release|Any CPU
	EndGlobalSection
	GlobalSection(SolutionProperties) = preSolution
		HideSolutionNode = FALSE
	EndGlobalSection
	GlobalSection(ExtensibilityGlobals) = postSolution
		SolutionGuid = {3D97536E-5FE7-45F4-959B-0CFC5945F477}
	EndGlobalSection
EndGlobal
