
Microsoft Visual Studio Solution File, Format Version 12.00
# Visual Studio Version 17
VisualStudioVersion = 17.0.31912.275
MinimumVisualStudioVersion = 10.0.40219.1
Project("{FAE04EC0-301F-11D3-BF4B-00C04F79EFBC}") = "HW_1_Task_7", "HW_1_Task_7\HW_1_Task_7.csproj", "{9C0D3DB3-4EAB-42D5-A620-4D8043DB8837}"
EndProject
Global
	GlobalSection(SolutionConfigurationPlatforms) = preSolution
		Debug|Any CPU = Debug|Any CPU
		Release|Any CPU = Release|Any CPU
	EndGlobalSection
	GlobalSection(ProjectConfigurationPlatforms) = postSolution
		{9C0D3DB3-4EAB-42D5-A620-4D8043DB8837}.Debug|Any CPU.ActiveCfg = Debug|Any CPU
		{9C0D3DB3-4EAB-42D5-A620-4D8043DB8837}.Debug|Any CPU.Build.0 = Debug|Any CPU
		{9C0D3DB3-4EAB-42D5-A620-4D8043DB8837}.Release|Any CPU.ActiveCfg = Release|Any CPU
		{9C0D3DB3-4EAB-42D5-A620-4D8043DB8837}.Release|Any CPU.Build.0 = Release|Any CPU
	EndGlobalSection
	GlobalSection(SolutionProperties) = preSolution
		HideSolutionNode = FALSE
	EndGlobalSection
	GlobalSection(ExtensibilityGlobals) = postSolution
		SolutionGuid = {06E22ED5-0EEF-4ACC-92B0-412AA1936226}
	EndGlobalSection
EndGlobal
